# THIS IS AN AUTOGENERATED FILE. DO NOT EDIT THIS FILE DIRECTLY.
# yarn lockfile v1


izitoast@arthurvasconcelos/izitoast#master:
  version "1.2.0"
  resolved "https://codeload.github.com/arthurvasconcelos/izitoast/tar.gz/dd779dc6584e0706b3d80906b2dcfa1d8219ce5c"

vue@^2.5.2:
  version "2.5.2"
  resolved "https://registry.yarnpkg.com/vue/-/vue-2.5.2.tgz#fd367a87bae7535e47f9dc5c9ec3b496e5feb5a4"
